{
  "version": "3",
  "packages": {
    "specifiers": {
      "npm:@msgpack/msgpack@3.0.0-beta2": "npm:@msgpack/msgpack@3.0.0-beta2",
      "npm:@rocket.chat/ui-kit@^0.31.22": "npm:@rocket.chat/ui-kit@0.31.25_@rocket.chat+icons@0.43.0",
      "npm:acorn-walk@8.2.0": "npm:acorn-walk@8.2.0",
      "npm:acorn@8.10.0": "npm:acorn@8.10.0",
      "npm:astring@1.8.6": "npm:astring@1.8.6",
      "npm:jsonrpc-lite@2.2.0": "npm:jsonrpc-lite@2.2.0",
      "npm:stack-trace@0.0.10": "npm:stack-trace@0.0.10",
      "npm:uuid@8.3.2": "npm:uuid@8.3.2"
    },
    "npm": {
      "@msgpack/msgpack@3.0.0-beta2": {
        "integrity": "sha512-y+l1PNV0XDyY8sM3YtuMLK5vE3/hkfId+Do8pLo/OPxfxuFAUwcGz3oiiUuV46/aBpwTzZ+mRWVMtlSKbradhw==",
        "dependencies": {}
      },
      "@rocket.chat/icons@0.43.0": {
        "integrity": "sha512-cVitB7g/gQ2oT4S1WxS2JNxj9lfvdxceGotrQNYq5wLPnsxYcCNoIl27xmdk9MmPo6kArhrWoWzDUI0GkpEAmQ==",
        "dependencies": {}
      },
      "@rocket.chat/ui-kit@0.31.25_@rocket.chat+icons@0.43.0": {
        "integrity": "sha512-yTgTKDw9SMlJ6p8n0PDO6zSvox/nHYUrwCIvILQeAK6PvTrgSe/u9CvU7ATTYjnQiQ603yEGR6dxjF4euCGdNA==",
        "dependencies": {
          "@rocket.chat/icons": "@rocket.chat/icons@0.43.0"
        }
      },
      "acorn-walk@8.2.0": {
        "integrity": "sha512-k+iyHEuPgSw6SbuDpGQM+06HQUa04DZ3o+F6CSzXMvvI5KMvnaEqXe+YVe555R9nn6GPt404fos4wcgpw12SDA==",
        "dependencies": {}
      },
      "acorn@8.10.0": {
        "integrity": "sha512-F0SAmZ8iUtS//m8DmCTA0jlh6TDKkHQyK6xc6V4KDTyZKA9dnvX9/3sRTVQrWm79glUAZbnmmNcdYwUIHWVybw==",
        "dependencies": {}
      },
      "astring@1.8.6": {
        "integrity": "sha512-ISvCdHdlTDlH5IpxQJIex7BWBywFWgjJSVdwst+/iQCoEYnyOaQ95+X1JGshuBjGp6nxKUy1jMgE3zPqN7fQdg==",
        "dependencies": {}
      },
      "jsonrpc-lite@2.2.0": {
        "integrity": "sha512-/cbbSxtZWs1O7R4tWqabrCM/t3N8qKUZMAg9IUqpPvUs6UyRvm6pCNYkskyKN/XU0UgffW+NY2ZRr8t0AknX7g==",
        "dependencies": {}
      },
      "stack-trace@0.0.10": {
        "integrity": "sha512-KGzahc7puUKkzyMt+IqAep+TVNbKP+k2Lmwhub39m1AsTSkaDutx56aDCo+HLDzf/D26BIHTJWNiTG1KAJiQCg==",
        "dependencies": {}
      },
      "uuid@8.3.2": {
        "integrity": "sha512-+NYs2QeMWy+GWFOEm9xnn6HCDp0l7QBD7ml8zLUmJ+93Q5NF0NocErnwkTkXVFNiX3/fpC6afS8Dhb/gz7R7eg==",
        "dependencies": {}
      }
    }
  },
  "remote": {
    "https://deno.land/std@0.216.0/io/types.ts": "748bbb3ac96abda03594ef5a0db15ce5450dcc6c0d841c8906f8b10ac8d32c96",
    "https://deno.land/std@0.216.0/io/write_all.ts": "24aac2312bb21096ae3ae0b102b22c26164d3249dff96dbac130958aa736f038"
  }
}
